
Microsoft Visual Studio Solution File, Format Version 12.00
# Visual Studio Version 17
VisualStudioVersion = 17.3.32929.385
MinimumVisualStudioVersion = 10.0.40219.1
Project("{2150E333-8FDC-42A3-9474-1A3956D46DE8}") = "1 - Presentation", "1 - Presentation", "{E6277374-5F8D-49E6-9323-F316F2AE5AE7}"
EndProject
Project("{FAE04EC0-301F-11D3-BF4B-00C04F79EFBC}") = "Luiza.Labs.Web.Api", "Luiza.Labs.Web.Api\Luiza.Labs.Web.Api.csproj", "{A5D1DCEF-5245-46D8-BC31-ED665E3501FB}"
EndProject
Project("{2150E333-8FDC-42A3-9474-1A3956D46DE8}") = "2 - Services", "2 - Services", "{DF205E5C-D0E5-4C98-9A56-435A1628BBCE}"
EndProject
Project("{2150E333-8FDC-42A3-9474-1A3956D46DE8}") = "3 - Application", "3 - Application", "{BEB6991E-CF80-481E-957B-B165EEC64F47}"
EndProject
Project("{2150E333-8FDC-42A3-9474-1A3956D46DE8}") = "4 - Domain", "4 - Domain", "{437ACDE4-A90B-4193-901C-5A46236387EA}"
EndProject
Project("{2150E333-8FDC-42A3-9474-1A3956D46DE8}") = "5 - Infra", "5 - Infra", "{EAC2E057-D8D5-45A2-9810-2763321B2690}"
EndProject
Project("{2150E333-8FDC-42A3-9474-1A3956D46DE8}") = "5.1 - Data", "5.1 - Data", "{6A022A9B-BD59-4A38-8707-737472C55E98}"
EndProject
Project("{FAE04EC0-301F-11D3-BF4B-00C04F79EFBC}") = "Luiza.Labs.Sevices", "Luiza.Labs.Sevices\Luiza.Labs.Sevices.csproj", "{43482281-1DC5-4D26-86A2-AFD67ADFAE27}"
EndProject
Project("{FAE04EC0-301F-11D3-BF4B-00C04F79EFBC}") = "Luiza.Labs.Domain", "Luiza.Labs.Domain\Luiza.Labs.Domain.csproj", "{14607FAE-0FF3-43BF-9660-FF7DC2447878}"
EndProject
Global
	GlobalSection(SolutionConfigurationPlatforms) = preSolution
		Debug|Any CPU = Debug|Any CPU
		Release|Any CPU = Release|Any CPU
	EndGlobalSection
	GlobalSection(ProjectConfigurationPlatforms) = postSolution
		{A5D1DCEF-5245-46D8-BC31-ED665E3501FB}.Debug|Any CPU.ActiveCfg = Debug|Any CPU
		{A5D1DCEF-5245-46D8-BC31-ED665E3501FB}.Debug|Any CPU.Build.0 = Debug|Any CPU
		{A5D1DCEF-5245-46D8-BC31-ED665E3501FB}.Release|Any CPU.ActiveCfg = Release|Any CPU
		{A5D1DCEF-5245-46D8-BC31-ED665E3501FB}.Release|Any CPU.Build.0 = Release|Any CPU
		{43482281-1DC5-4D26-86A2-AFD67ADFAE27}.Debug|Any CPU.ActiveCfg = Debug|Any CPU
		{43482281-1DC5-4D26-86A2-AFD67ADFAE27}.Debug|Any CPU.Build.0 = Debug|Any CPU
		{43482281-1DC5-4D26-86A2-AFD67ADFAE27}.Release|Any CPU.ActiveCfg = Release|Any CPU
		{43482281-1DC5-4D26-86A2-AFD67ADFAE27}.Release|Any CPU.Build.0 = Release|Any CPU
		{14607FAE-0FF3-43BF-9660-FF7DC2447878}.Debug|Any CPU.ActiveCfg = Debug|Any CPU
		{14607FAE-0FF3-43BF-9660-FF7DC2447878}.Debug|Any CPU.Build.0 = Debug|Any CPU
		{14607FAE-0FF3-43BF-9660-FF7DC2447878}.Release|Any CPU.ActiveCfg = Release|Any CPU
		{14607FAE-0FF3-43BF-9660-FF7DC2447878}.Release|Any CPU.Build.0 = Release|Any CPU
	EndGlobalSection
	GlobalSection(SolutionProperties) = preSolution
		HideSolutionNode = FALSE
	EndGlobalSection
	GlobalSection(NestedProjects) = preSolution
		{A5D1DCEF-5245-46D8-BC31-ED665E3501FB} = {E6277374-5F8D-49E6-9323-F316F2AE5AE7}
		{6A022A9B-BD59-4A38-8707-737472C55E98} = {EAC2E057-D8D5-45A2-9810-2763321B2690}
		{43482281-1DC5-4D26-86A2-AFD67ADFAE27} = {DF205E5C-D0E5-4C98-9A56-435A1628BBCE}
		{14607FAE-0FF3-43BF-9660-FF7DC2447878} = {437ACDE4-A90B-4193-901C-5A46236387EA}
	EndGlobalSection
	GlobalSection(ExtensibilityGlobals) = postSolution
		SolutionGuid = {9C2172EF-08B7-4237-A886-2B75761512C5}
	EndGlobalSection
EndGlobal
